<Solution>
  <Folder Name="/Solution Files/">
    <File Path=".editorconfig" />
    <File Path="BannedSymbols.txt" />
    <File Path="Directory.Build.props" />
    <File Path="ConcurrentChunking.slnx" />
    <File Path="..\README.md" />
    <File Path="Directory.Build.targets" />
    <File Path="../version.json" />
    <File Path="..\.github\workflows\ci-cd.yml" />
    <File Path="Directory.Packages.props" />
  </Folder>
  <Folder Name="/Tests/">
    <Project Path="tests/ConcurrentChunking.EntityFrameworkCore.IntegrationTests/ConcurrentChunking.EntityFrameworkCore.IntegrationTests.csproj" />
    <Project Path="tests/ConcurrentChunking.EntityFrameworkCore.Tests/ConcurrentChunking.EntityFrameworkCore.Tests.csproj" />
    <Project Path="tests\ConcurrentChunking.IntegrationTests\ConcurrentChunking.IntegrationTests.csproj" />
    <Project Path="tests\ConcurrentChunking.Testing\ConcurrentChunking.Testing.csproj" />
    <Project Path="tests\ConcurrentChunking.Tests\ConcurrentChunking.Tests.csproj" />
  </Folder>
  <Project Path="ConcurrentChunking.EntityFrameworkCore/ConcurrentChunking.EntityFrameworkCore.csproj" />
  <Project Path="ConcurrentChunking\ConcurrentChunking.csproj" />
  <Project Path="PlaygroundWithNugetPackage\PlaygroundWithNugetPackage.csproj" />
  <Project Path="Playground\Playground.csproj" />
</Solution>